
Microsoft Visual Studio Solution File, Format Version 12.00
# Visual Studio Version 16
VisualStudioVersion = 16.0.31624.102
MinimumVisualStudioVersion = 10.0.40219.1
Project("{FAE04EC0-301F-11D3-BF4B-00C04F79EFBC}") = "PM2E201710120055.Android", "PM2E201710120055\PM2E201710120055.Android\PM2E201710120055.Android.csproj", "{9B6EBFBE-30F2-45D1-84BE-E71D9A81F63D}"
EndProject
Project("{9A19103F-16F7-4668-BE54-9A1E7A4F7556}") = "PM2E201710120055", "PM2E201710120055\PM2E201710120055\PM2E201710120055.csproj", "{EC74AA8D-6ECC-48C6-AB04-57DF1DC24B23}"
EndProject
Global
	GlobalSection(SolutionConfigurationPlatforms) = preSolution
		Debug|Any CPU = Debug|Any CPU
		Release|Any CPU = Release|Any CPU
	EndGlobalSection
	GlobalSection(ProjectConfigurationPlatforms) = postSolution
		{9B6EBFBE-30F2-45D1-84BE-E71D9A81F63D}.Debug|Any CPU.ActiveCfg = Debug|Any CPU
		{9B6EBFBE-30F2-45D1-84BE-E71D9A81F63D}.Debug|Any CPU.Build.0 = Debug|Any CPU
		{9B6EBFBE-30F2-45D1-84BE-E71D9A81F63D}.Debug|Any CPU.Deploy.0 = Debug|Any CPU
		{9B6EBFBE-30F2-45D1-84BE-E71D9A81F63D}.Release|Any CPU.ActiveCfg = Release|Any CPU
		{9B6EBFBE-30F2-45D1-84BE-E71D9A81F63D}.Release|Any CPU.Build.0 = Release|Any CPU
		{9B6EBFBE-30F2-45D1-84BE-E71D9A81F63D}.Release|Any CPU.Deploy.0 = Release|Any CPU
		{EC74AA8D-6ECC-48C6-AB04-57DF1DC24B23}.Debug|Any CPU.ActiveCfg = Debug|Any CPU
		{EC74AA8D-6ECC-48C6-AB04-57DF1DC24B23}.Debug|Any CPU.Build.0 = Debug|Any CPU
		{EC74AA8D-6ECC-48C6-AB04-57DF1DC24B23}.Debug|Any CPU.Deploy.0 = Debug|Any CPU
		{EC74AA8D-6ECC-48C6-AB04-57DF1DC24B23}.Release|Any CPU.ActiveCfg = Release|Any CPU
		{EC74AA8D-6ECC-48C6-AB04-57DF1DC24B23}.Release|Any CPU.Build.0 = Release|Any CPU
		{EC74AA8D-6ECC-48C6-AB04-57DF1DC24B23}.Release|Any CPU.Deploy.0 = Release|Any CPU
	EndGlobalSection
	GlobalSection(SolutionProperties) = preSolution
		HideSolutionNode = FALSE
	EndGlobalSection
	GlobalSection(ExtensibilityGlobals) = postSolution
		SolutionGuid = {450B2309-BC5C-4C1F-A7B7-734C5FD7DB64}
	EndGlobalSection
EndGlobal
